
Microsoft Visual Studio Solution File, Format Version 12.00
# Visual Studio Version 16
VisualStudioVersion = 16.0.31005.135
MinimumVisualStudioVersion = 10.0.40219.1
Project("{FAE04EC0-301F-11D3-BF4B-00C04F79EFBC}") = "Crossing.API", "Crossing.API\Crossing.API.csproj", "{49A7BAE7-A1AD-4B04-9351-A05E14C330B7}"
EndProject
Global
	GlobalSection(SolutionConfigurationPlatforms) = preSolution
		Debug|Any CPU = Debug|Any CPU
		Release|Any CPU = Release|Any CPU
	EndGlobalSection
	GlobalSection(ProjectConfigurationPlatforms) = postSolution
		{49A7BAE7-A1AD-4B04-9351-A05E14C330B7}.Debug|Any CPU.ActiveCfg = Debug|Any CPU
		{49A7BAE7-A1AD-4B04-9351-A05E14C330B7}.Debug|Any CPU.Build.0 = Debug|Any CPU
		{49A7BAE7-A1AD-4B04-9351-A05E14C330B7}.Release|Any CPU.ActiveCfg = Release|Any CPU
		{49A7BAE7-A1AD-4B04-9351-A05E14C330B7}.Release|Any CPU.Build.0 = Release|Any CPU
	EndGlobalSection
	GlobalSection(SolutionProperties) = preSolution
		HideSolutionNode = FALSE
	EndGlobalSection
	GlobalSection(ExtensibilityGlobals) = postSolution
		SolutionGuid = {7824EC39-76D0-49D9-A005-5087F7FB87BA}
	EndGlobalSection
EndGlobal
